
Microsoft Visual Studio Solution File, Format Version 12.00
# Visual Studio Version 17
VisualStudioVersion = 17.11.35219.272
MinimumVisualStudioVersion = 10.0.40219.1
Project("{9A19103F-16F7-4668-BE54-9A1E7A4F7556}") = "LamaAppVS", "LamaAppVS\LamaAppVS\LamaAppVS.csproj", "{5BE80BE5-0604-406B-8A21-B3312E8EA17B}"
EndProject
Project("{9A19103F-16F7-4668-BE54-9A1E7A4F7556}") = "LamaAppVS.Client", "LamaAppVS\LamaAppVS.Client\LamaAppVS.Client.csproj", "{3A86BFD0-E00D-483C-BB1A-C56E1788BE57}"
EndProject
Global
	GlobalSection(SolutionConfigurationPlatforms) = preSolution
		Debug|Any CPU = Debug|Any CPU
		Release|Any CPU = Release|Any CPU
	EndGlobalSection
	GlobalSection(ProjectConfigurationPlatforms) = postSolution
		{5BE80BE5-0604-406B-8A21-B3312E8EA17B}.Debug|Any CPU.ActiveCfg = Debug|Any CPU
		{5BE80BE5-0604-406B-8A21-B3312E8EA17B}.Debug|Any CPU.Build.0 = Debug|Any CPU
		{5BE80BE5-0604-406B-8A21-B3312E8EA17B}.Release|Any CPU.ActiveCfg = Release|Any CPU
		{5BE80BE5-0604-406B-8A21-B3312E8EA17B}.Release|Any CPU.Build.0 = Release|Any CPU
		{3A86BFD0-E00D-483C-BB1A-C56E1788BE57}.Debug|Any CPU.ActiveCfg = Debug|Any CPU
		{3A86BFD0-E00D-483C-BB1A-C56E1788BE57}.Debug|Any CPU.Build.0 = Debug|Any CPU
		{3A86BFD0-E00D-483C-BB1A-C56E1788BE57}.Release|Any CPU.ActiveCfg = Release|Any CPU
		{3A86BFD0-E00D-483C-BB1A-C56E1788BE57}.Release|Any CPU.Build.0 = Release|Any CPU
	EndGlobalSection
	GlobalSection(SolutionProperties) = preSolution
		HideSolutionNode = FALSE
	EndGlobalSection
	GlobalSection(ExtensibilityGlobals) = postSolution
		SolutionGuid = {8BCA6A86-A18E-4816-8005-607024C9196E}
	EndGlobalSection
EndGlobal
